<?xml version="1.0" encoding="utf-8"?>
<Project ToolsVersion="4.0" xmlns="http://schemas.microsoft.com/developer/msbuild/2003">
  <ItemGroup>
    <Filter Include="Source Files">
      <UniqueIdentifier>{4FC737F1-C7A5-4376-A066-2A32D752A2FF}</UniqueIdentifier>
      <Extensions>cpp;c;cc;cxx;def;odl;idl;hpj;bat;asm;asmx</Extensions>
    </Filter>
    <Filter Include="Header Files">
      <UniqueIdentifier>{93995380-89BD-4b04-88EB-625FBE52EBFB}</UniqueIdentifier>
      <Extensions>h;hh;hpp;hxx;hm;inl;inc;xsd</Extensions>
    </Filter>
    <Filter Include="Resource Files">
      <UniqueIdentifier>{67DA6AB6-F800-4c08-8B7A-83BB121AAD01}</UniqueIdentifier>
      <Extensions>rc;ico;cur;bmp;dlg;rc2;rct;bin;rgs;gif;jpg;jpeg;jpe;resx;tiff;tif;png;wav;mfcribbon-ms</Extensions>
    </Filter>
    <Filter Include="Header Files\Map">
      <UniqueIdentifier>{a92f6702-07f5-4a61-961e-34fc1b75c911}</UniqueIdentifier>
    </Filter>
    <Filter Include="Source Files\Player">
      <UniqueIdentifier>{cc900417-4872-4fae-8fce-19cfd36796f9}</UniqueIdentifier>
    </Filter>
    <Filter Include="Header Files\Player">
      <UniqueIdentifier>{48da581b-438c-4891-9387-4d5709557055}</UniqueIdentifier>
    </Filter>
    <Filter Include="Source Files\Bid">
      <UniqueIdentifier>{9a87e416-1141-4ec9-b6aa-650575429ff9}</UniqueIdentifier>
    </Filter>
    <Filter Include="Header Files\Bid">
      <UniqueIdentifier>{5a1a9e80-adf8-4920-a495-4e10de245397}</UniqueIdentifier>
    </Filter>
    <Filter Include="Header Files\Card">
      <UniqueIdentifier>{69f80b0f-4d84-43f7-83a3-f32a6abf09f4}</UniqueIdentifier>
    </Filter>
    <Filter Include="Source Files\Card">
      <UniqueIdentifier>{bf89685a-e55d-4b7a-b4e7-e7210d767e9c}</UniqueIdentifier>
    </Filter>
    <Filter Include="Header Files\Bid">
      <UniqueIdentifier>{702d5e5e-55bd-40b9-b43e-e481905346c9}</UniqueIdentifier>
    </Filter>
    <Filter Include="Source Files\Bid">
      <UniqueIdentifier>{6ffe4986-0100-40d2-b189-6db242706b42}</UniqueIdentifier>
    </Filter>
    <Filter Include="Source Files\Map">
      <UniqueIdentifier>{8fd955bf-9fa6-4e20-a7d6-7565eac370ac}</UniqueIdentifier>
    </Filter>

    <Filter Include="Header Files\Strategy">
      <UniqueIdentifier>{d2d58fce-ddda-422e-8678-189624cbfdaa}</UniqueIdentifier>
    </Filter>
    <Filter Include="Source Files\Strategy">
      <UniqueIdentifier>{fb53f235-48de-4e66-a9b9-ef6d214f17f4}</UniqueIdentifier>

    <Filter Include="Source Files\GameObservers">
      <UniqueIdentifier>{771955e6-0cc2-481f-9ce2-36b577902073}</UniqueIdentifier>
    </Filter>
    <Filter Include="Header Files\GameObservers">
      <UniqueIdentifier>{902dd1ba-dcde-47fe-bb45-49d510b654d5}</UniqueIdentifier>

    </Filter>
  </ItemGroup>
  <ItemGroup>
    <Text Include="ReadMe.txt" />
  </ItemGroup>
  <ItemGroup>
    <ClInclude Include="stdafx.h">
      <Filter>Header Files</Filter>
    </ClInclude>
    <ClInclude Include="targetver.h">
      <Filter>Header Files</Filter>
    </ClInclude>
    <ClInclude Include="Country.h">
      <Filter>Header Files\Map</Filter>
    </ClInclude>
    <ClInclude Include="Continent.h">
      <Filter>Header Files\Map</Filter>
    </ClInclude>
    <ClInclude Include="Player.h">
      <Filter>Header Files\Player</Filter>
    </ClInclude>
    <ClInclude Include="Bid.h">
      <Filter>Header Files\Bid</Filter>
    </ClInclude>
    <ClInclude Include="Bid.h">
      <Filter>Header Files\Bid</Filter>
    </ClInclude>
    <ClInclude Include="Bid.h">
      <Filter>Header Files</Filter>
    </ClInclude>
    <ClInclude Include="Card.h">
      <Filter>Header Files\Card</Filter>
    </ClInclude>
    <ClInclude Include="Bid.h">
      <Filter>Header Files</Filter>
    </ClInclude>
    <ClInclude Include="Bid.h">
      <Filter>Header Files</Filter>
    </ClInclude>
    <ClInclude Include="Bid.h">
      <Filter>Header Files</Filter>
    </ClInclude>
    <ClInclude Include="Bid.h">
      <Filter>Header Files</Filter>
    </ClInclude>
    <ClInclude Include="Bid.h">
      <Filter>Header Files</Filter>
    </ClInclude>
    <ClInclude Include="Bid.h">
      <Filter>Header Files</Filter>
    </ClInclude>
    <ClInclude Include="Bid.h">
      <Filter>Header Files</Filter>
    </ClInclude>
    <ClInclude Include="Bid.h">
      <Filter>Header Files</Filter>
    </ClInclude>
    <ClInclude Include="Bid.h">
      <Filter>Header Files</Filter>
    </ClInclude>
    <ClInclude Include="Strategy.h">
      <Filter>Header Files\Strategy</Filter>
    </ClInclude>
    <ClInclude Include="Npc.h">
      <Filter>Header Files\Player</Filter>
    <ClInclude Include="GameObservers.h">
      <Filter>Header Files\GameObservers</Filter>
    </ClInclude>
    <ClInclude Include="Statistics.h">
      <Filter>Header Files\GameObservers</Filter>
    </ClInclude>
    <ClInclude Include="Subject.h">
      <Filter>Header Files\GameObservers</Filter>
    </ClInclude>
    <ClInclude Include="Bid.h">
      <Filter>Header Files</Filter>
    </ClInclude>
    <ClInclude Include="Bid.h">
      <Filter>Header Files</Filter>
    </ClInclude>
    <ClInclude Include="Phases.h">
      <Filter>Header Files\GameObservers</Filter>
    </ClInclude>
    <ClInclude Include="Bid.h">
      <Filter>Header Files</Filter>
    </ClInclude>
    <ClInclude Include="Map.h">
      <Filter>Header Files\Map</Filter>
    </ClInclude>
    <ClInclude Include="Bid.h">
      <Filter>Header Files</Filter>
    </ClInclude>
    <ClInclude Include="Bid.h">
      <Filter>Header Files</Filter>
    </ClInclude>
    <ClInclude Include="Bid.h">
      <Filter>Header Files</Filter>
    </ClInclude>
  </ItemGroup>
  <ItemGroup>
    <ClCompile Include="stdafx.cpp">
      <Filter>Source Files</Filter>
    </ClCompile>
    <ClCompile Include="Country.cpp">
      <Filter>Source Files\Map</Filter>
    </ClCompile>
    <ClCompile Include="Continent.cpp">
      <Filter>Source Files\Map</Filter>
    </ClCompile>
    <ClCompile Include="Player.cpp">
      <Filter>Source Files\Player</Filter>
    </ClCompile>
    <ClCompile Include="Bid.cpp">
      <Filter>Source Files\Bid</Filter>
    </ClCompile>
    <ClCompile Include="Bid.cpp">
      <Filter>Source Files\Bid</Filter>
    </ClCompile>
    <ClCompile Include="Bid.cpp">
      <Filter>Source Files</Filter>
    </ClCompile>
    <ClCompile Include="Card.cpp">
      <Filter>Source Files\Card</Filter>
    </ClCompile>
    <ClCompile Include="Deck.cpp">
      <Filter>Source Files\Card</Filter>
    </ClCompile>
    <ClCompile Include="Hand.cpp">
      <Filter>Source Files\Card</Filter>
    </ClCompile>
    <ClCompile Include="Bid.cpp">
      <Filter>Source Files</Filter>
    </ClCompile>
    <ClCompile Include="Bid.cpp">
      <Filter>Source Files</Filter>
    </ClCompile>
    <ClCompile Include="Bid.cpp">
      <Filter>Source Files</Filter>
    </ClCompile>
    <ClCompile Include="Bid.cpp">
      <Filter>Source Files</Filter>
    </ClCompile>
    <ClCompile Include="Bid.cpp">
      <Filter>Source Files</Filter>
    </ClCompile>
    <ClCompile Include="Bid.cpp">
      <Filter>Source Files</Filter>
    </ClCompile>
    <ClCompile Include="Bid.cpp">
      <Filter>Source Files</Filter>
    </ClCompile>
    <ClCompile Include="Bid.cpp">
      <Filter>Source Files</Filter>
    </ClCompile>
    <ClCompile Include="AggregateDriver.cpp">
      <Filter>Source Files</Filter>
    </ClCompile>
    <ClCompile Include="Bid.cpp">
      <Filter>Source Files</Filter>
    </ClCompile>
    <ClCompile Include="GameObservers.cpp">
      <Filter>Source Files\GameObservers</Filter>
    </ClCompile>
    <ClCompile Include="Statistics.cpp">
      <Filter>Source Files\GameObservers</Filter>
    </ClCompile>
    <ClCompile Include="Subject.cpp">
      <Filter>Source Files\GameObservers</Filter>
    </ClCompile>
    <ClCompile Include="Bid.cpp">
      <Filter>Source Files</Filter>
    </ClCompile>
    <ClCompile Include="Bid.cpp">
      <Filter>Source Files</Filter>
    </ClCompile>
    <ClCompile Include="Phases.cpp">
      <Filter>Source Files\GameObservers</Filter>
    </ClCompile>
    <ClCompile Include="Bid.cpp">
      <Filter>Source Files</Filter>
    </ClCompile>
    <ClCompile Include="Map.cpp">
      <Filter>Source Files\Map</Filter>
    </ClCompile>
    <ClCompile Include="Bid.cpp">
      <Filter>Source Files</Filter>
    </ClCompile>
    <ClCompile Include="Bid.cpp">
      <Filter>Source Files</Filter>
    </ClCompile>
    <ClCompile Include="Bid.cpp">
      <Filter>Source Files</Filter>
    </ClCompile>
    <ClCompile Include="Bid.cpp">
      <Filter>Source Files</Filter>
    </ClCompile>
    <ClCompile Include="Bid.cpp">
      <Filter>Source Files</Filter>
    </ClCompile>
    <ClCompile Include="GreedStrategy.cpp">
      <Filter>Source Files\Strategy</Filter>
    </ClCompile>
    <ClCompile Include="ModerateStrategy.cpp">
      <Filter>Source Files\Strategy</Filter>
    </ClCompile>
    <ClCompile Include="Npc.cpp">
      <Filter>Source Files\Player</Filter>
    </ClCompile>
  </ItemGroup>
</Project>